// !$*UTF8*$!
{
	archiveVersion = 1;
	classes = {
	};
	objectVersion = 46;
	objects = {

/* Begin PBXBuildFile section */
		BB8218671C919CA20037EA8B /* AppDelegate.swift in Sources */ = {isa = PBXBuildFile; fileRef = BB8218661C919CA20037EA8B /* AppDelegate.swift */; };
		BB8218691C919CA20037EA8B /* ViewController.swift in Sources */ = {isa = PBXBuildFile; fileRef = BB8218681C919CA20037EA8B /* ViewController.swift */; };
		BB82186C1C919CA20037EA8B /* Main.storyboard in Resources */ = {isa = PBXBuildFile; fileRef = BB82186A1C919CA20037EA8B /* Main.storyboard */; };
		BB82186E1C919CA20037EA8B /* Assets.xcassets in Resources */ = {isa = PBXBuildFile; fileRef = BB82186D1C919CA20037EA8B /* Assets.xcassets */; };
		BB8218711C919CA20037EA8B /* LaunchScreen.storyboard in Resources */ = {isa = PBXBuildFile; fileRef = BB82186F1C919CA20037EA8B /* LaunchScreen.storyboard */; };
		BB82187C1C919CA20037EA8B /* Hello_WorldTests.swift in Sources */ = {isa = PBXBuildFile; fileRef = BB82187B1C919CA20037EA8B /* Hello_WorldTests.swift */; };
		BB8218871C919CA20037EA8B /* Hello_WorldUITests.swift in Sources */ = {isa = PBXBuildFile; fileRef = BB8218861C919CA20037EA8B /* Hello_WorldUITests.swift */; };
/* End PBXBuildFile section */

/* Begin PBXContainerItemProxy section */
		BB8218781C919CA20037EA8B /* PBXContainerItemProxy */ = {
			isa = PBXContainerItemProxy;
			containerPortal = BB82185B1C919CA10037EA8B /* Project object */;
			proxyType = 1;
			remoteGlobalIDString = BB8218621C919CA20037EA8B;
			remoteInfo = "Hello World";
		};
		BB8218831C919CA20037EA8B /* PBXContainerItemProxy */ = {
			isa = PBXContainerItemProxy;
			containerPortal = BB82185B1C919CA10037EA8B /* Project object */;
			proxyType = 1;
			remoteGlobalIDString = BB8218621C919CA20037EA8B;
			remoteInfo = "Hello World";
		};
/* End PBXContainerItemProxy section */

/* Begin PBXFileReference section */
		BB8218631C919CA20037EA8B /* Hello World.app */ = {isa = PBXFileReference; explicitFileType = wrapper.application; includeInIndex = 0; path = "Hello World.app"; sourceTree = BUILT_PRODUCTS_DIR; };
		BB8218661C919CA20037EA8B /* AppDelegate.swift */ = {isa = PBXFileReference; lastKnownFileType = sourcecode.swift; path = AppDelegate.swift; sourceTree = "<group>"; };
		BB8218681C919CA20037EA8B /* ViewController.swift */ = {isa = PBXFileReference; lastKnownFileType = sourcecode.swift; path = ViewController.swift; sourceTree = "<group>"; };
		BB82186B1C919CA20037EA8B /* Base */ = {isa = PBXFileReference; lastKnownFileType = file.storyboard; name = Base; path = Base.lproj/Main.storyboard; sourceTree = "<group>"; };
		BB82186D1C919CA20037EA8B /* Assets.xcassets */ = {isa = PBXFileReference; lastKnownFileType = folder.assetcatalog; path = Assets.xcassets; sourceTree = "<group>"; };
		BB8218701C919CA20037EA8B /* Base */ = {isa = PBXFileReference; lastKnownFileType = file.storyboard; name = Base; path = Base.lproj/LaunchScreen.storyboard; sourceTree = "<group>"; };
		BB8218721C919CA20037EA8B /* Info.plist */ = {isa = PBXFileReference; lastKnownFileType = text.plist.xml; path = Info.plist; sourceTree = "<group>"; };
		BB8218771C919CA20037EA8B /* Hello WorldTests.xctest */ = {isa = PBXFileReference; explicitFileType = wrapper.cfbundle; includeInIndex = 0; path = "Hello WorldTests.xctest"; sourceTree = BUILT_PRODUCTS_DIR; };
		BB82187B1C919CA20037EA8B /* Hello_WorldTests.swift */ = {isa = PBXFileReference; lastKnownFileType = sourcecode.swift; path = Hello_WorldTests.swift; sourceTree = "<group>"; };
		BB82187D1C919CA20037EA8B /* Info.plist */ = {isa = PBXFileReference; lastKnownFileType = text.plist.xml; path = Info.plist; sourceTree = "<group>"; };
		BB8218821C919CA20037EA8B /* Hello WorldUITests.xctest */ = {isa = PBXFileReference; explicitFileType = wrapper.cfbundle; includeInIndex = 0; path = "Hello WorldUITests.xctest"; sourceTree = BUILT_PRODUCTS_DIR; };
		BB8218861C919CA20037EA8B /* Hello_WorldUITests.swift */ = {isa = PBXFileReference; lastKnownFileType = sourcecode.swift; path = Hello_WorldUITests.swift; sourceTree = "<group>"; };
		BB8218881C919CA20037EA8B /* Info.plist */ = {isa = PBXFileReference; lastKnownFileType = text.plist.xml; path = Info.plist; sourceTree = "<group>"; };
/* End PBXFileReference section */

/* Begin PBXFrameworksBuildPhase section */
		BB8218601C919CA20037EA8B /* Frameworks */ = {
			isa = PBXFrameworksBuildPhase;
			buildActionMask = 2147483647;
			files = (
			);
			runOnlyForDeploymentPostprocessing = 0;
		};
		BB8218741C919CA20037EA8B /* Frameworks */ = {
			isa = PBXFrameworksBuildPhase;
			buildActionMask = 2147483647;
			files = (
			);
			runOnlyForDeploymentPostprocessing = 0;
		};
		BB82187F1C919CA20037EA8B /* Frameworks */ = {
			isa = PBXFrameworksBuildPhase;
			buildActionMask = 2147483647;
			files = (
			);
			runOnlyForDeploymentPostprocessing = 0;
		};
/* End PBXFrameworksBuildPhase section */

/* Begin PBXGroup section */
		BB82185A1C919CA10037EA8B = {
			isa = PBXGroup;
			children = (
				BB8218651C919CA20037EA8B /* Hello World */,
				BB82187A1C919CA20037EA8B /* Hello WorldTests */,
				BB8218851C919CA20037EA8B /* Hello WorldUITests */,
				BB8218641C919CA20037EA8B /* Products */,
			);
			sourceTree = "<group>";
		};
		BB8218641C919CA20037EA8B /* Products */ = {
			isa = PBXGroup;
			children = (
				BB8218631C919CA20037EA8B /* Hello World.app */,
				BB8218771C919CA20037EA8B /* Hello WorldTests.xctest */,
				BB8218821C919CA20037EA8B /* Hello WorldUITests.xctest */,
			);
			name = Products;
			sourceTree = "<group>";
		};
		BB8218651C919CA20037EA8B /* Hello World */ = {
			isa = PBXGroup;
			children = (
				BB8218661C919CA20037EA8B /* AppDelegate.swift */,
				BB8218681C919CA20037EA8B /* ViewController.swift */,
				BB82186A1C919CA20037EA8B /* Main.storyboard */,
				BB82186D1C919CA20037EA8B /* Assets.xcassets */,
				BB82186F1C919CA20037EA8B /* LaunchScreen.storyboard */,
				BB8218721C919CA20037EA8B /* Info.plist */,
			);
			path = "Hello World";
			sourceTree = "<group>";
		};
		BB82187A1C919CA20037EA8B /* Hello WorldTests */ = {
			isa = PBXGroup;
			children = (
				BB82187B1C919CA20037EA8B /* Hello_WorldTests.swift */,
				BB82187D1C919CA20037EA8B /* Info.plist */,
			);
			path = "Hello WorldTests";
			sourceTree = "<group>";
		};
		BB8218851C919CA20037EA8B /* Hello WorldUITests */ = {
			isa = PBXGroup;
			children = (
				BB8218861C919CA20037EA8B /* Hello_WorldUITests.swift */,
				BB8218881C919CA20037EA8B /* Info.plist */,
			);
			path = "Hello WorldUITests";
			sourceTree = "<group>";
		};
/* End PBXGroup section */

/* Begin PBXNativeTarget section */
		BB8218621C919CA20037EA8B /* Hello World */ = {
			isa = PBXNativeTarget;
			buildConfigurationList = BB82188B1C919CA20037EA8B /* Build configuration list for PBXNativeTarget "Hello World" */;
			buildPhases = (
				BB82185F1C919CA20037EA8B /* Sources */,
				BB8218601C919CA20037EA8B /* Frameworks */,
				BB8218611C919CA20037EA8B /* Resources */,
			);
			buildRules = (
			);
			dependencies = (
			);
			name = "Hello World";
			productName = "Hello World";
			productReference = BB8218631C919CA20037EA8B /* Hello World.app */;
			productType = "com.apple.product-type.application";
		};
		BB8218761C919CA20037EA8B /* Hello WorldTests */ = {
			isa = PBXNativeTarget;
			buildConfigurationList = BB82188E1C919CA20037EA8B /* Build configuration list for PBXNativeTarget "Hello WorldTests" */;
			buildPhases = (
				BB8218731C919CA20037EA8B /* Sources */,
				BB8218741C919CA20037EA8B /* Frameworks */,
				BB8218751C919CA20037EA8B /* Resources */,
			);
			buildRules = (
			);
			dependencies = (
				BB8218791C919CA20037EA8B /* PBXTargetDependency */,
			);
			name = "Hello WorldTests";
			productName = "Hello WorldTests";
			productReference = BB8218771C919CA20037EA8B /* Hello WorldTests.xctest */;
			productType = "com.apple.product-type.bundle.unit-test";
		};
		BB8218811C919CA20037EA8B /* Hello WorldUITests */ = {
			isa = PBXNativeTarget;
			buildConfigurationList = BB8218911C919CA20037EA8B /* Build configuration list for PBXNativeTarget "Hello WorldUITests" */;
			buildPhases = (
				BB82187E1C919CA20037EA8B /* Sources */,
				BB82187F1C919CA20037EA8B /* Frameworks */,
				BB8218801C919CA20037EA8B /* Resources */,
			);
			buildRules = (
			);
			dependencies = (
				BB8218841C919CA20037EA8B /* PBXTargetDependency */,
			);
			name = "Hello WorldUITests";
			productName = "Hello WorldUITests";
			productReference = BB8218821C919CA20037EA8B /* Hello WorldUITests.xctest */;
			productType = "com.apple.product-type.bundle.ui-testing";
		};
/* End PBXNativeTarget section */

/* Begin PBXProject section */
		BB82185B1C919CA10037EA8B /* Project object */ = {
			isa = PBXProject;
			attributes = {
				LastSwiftUpdateCheck = 0720;
				LastUpgradeCheck = 0720;
				ORGANIZATIONNAME = MonoTonicVIdeo;
				TargetAttributes = {
					BB8218621C919CA20037EA8B = {
						CreatedOnToolsVersion = 7.2.1;
					};
					BB8218761C919CA20037EA8B = {
						CreatedOnToolsVersion = 7.2.1;
						TestTargetID = BB8218621C919CA20037EA8B;
					};
					BB8218811C919CA20037EA8B = {
						CreatedOnToolsVersion = 7.2.1;
						TestTargetID = BB8218621C919CA20037EA8B;
					};
				};
			};
			buildConfigurationList = BB82185E1C919CA10037EA8B /* Build configuration list for PBXProject "Hello World" */;
			compatibilityVersion = "Xcode 3.2";
			developmentRegion = English;
			hasScannedForEncodings = 0;
			knownRegions = (
				en,
				Base,
			);
			mainGroup = BB82185A1C919CA10037EA8B;
			productRefGroup = BB8218641C919CA20037EA8B /* Products */;
			projectDirPath = "";
			projectRoot = "";
			targets = (
				BB8218621C919CA20037EA8B /* Hello World */,
				BB8218761C919CA20037EA8B /* Hello WorldTests */,
				BB8218811C919CA20037EA8B /* Hello WorldUITests */,
			);
		};
/* End PBXProject section */

/* Begin PBXResourcesBuildPhase section */
		BB8218611C919CA20037EA8B /* Resources */ = {
			isa = PBXResourcesBuildPhase;
			buildActionMask = 2147483647;
			files = (
				BB8218711C919CA20037EA8B /* LaunchScreen.storyboard in Resources */,
				BB82186E1C919CA20037EA8B /* Assets.xcassets in Resources */,
				BB82186C1C919CA20037EA8B /* Main.storyboard in Resources */,
			);
			runOnlyForDeploymentPostprocessing = 0;
		};
		BB8218751C919CA20037EA8B /* Resources */ = {
			isa = PBXResourcesBuildPhase;
			buildActionMask = 2147483647;
			files = (
			);
			runOnlyForDeploymentPostprocessing = 0;
		};
		BB8218801C919CA20037EA8B /* Resources */ = {
			isa = PBXResourcesBuildPhase;
			buildActionMask = 2147483647;
			files = (
			);
			runOnlyForDeploymentPostprocessing = 0;
		};
/* End PBXResourcesBuildPhase section */

/* Begin PBXSourcesBuildPhase section */
		BB82185F1C919CA20037EA8B /* Sources */ = {
			isa = PBXSourcesBuildPhase;
			buildActionMask = 2147483647;
			files = (
				BB8218691C919CA20037EA8B /* ViewController.swift in Sources */,
				BB8218671C919CA20037EA8B /* AppDelegate.swift in Sources */,
			);
			runOnlyForDeploymentPostprocessing = 0;
		};
		BB8218731C919CA20037EA8B /* Sources */ = {
			isa = PBXSourcesBuildPhase;
			buildActionMask = 2147483647;
			files = (
				BB82187C1C919CA20037EA8B /* Hello_WorldTests.swift in Sources */,
			);
			runOnlyForDeploymentPostprocessing = 0;
		};
		BB82187E1C919CA20037EA8B /* Sources */ = {
			isa = PBXSourcesBuildPhase;
			buildActionMask = 2147483647;
			files = (
				BB8218871C919CA20037EA8B /* Hello_WorldUITests.swift in Sources */,
			);
			runOnlyForDeploymentPostprocessing = 0;
		};
/* End PBXSourcesBuildPhase section */

/* Begin PBXTargetDependency section */
		BB8218791C919CA20037EA8B /* PBXTargetDependency */ = {
			isa = PBXTargetDependency;
			target = BB8218621C919CA20037EA8B /* Hello World */;
			targetProxy = BB8218781C919CA20037EA8B /* PBXContainerItemProxy */;
		};
		BB8218841C919CA20037EA8B /* PBXTargetDependency */ = {
			isa = PBXTargetDependency;
			target = BB8218621C919CA20037EA8B /* Hello World */;
			targetProxy = BB8218831C919CA20037EA8B /* PBXContainerItemProxy */;
		};
/* End PBXTargetDependency section */

/* Begin PBXVariantGroup section */
		BB82186A1C919CA20037EA8B /* Main.storyboard */ = {
			isa = PBXVariantGroup;
			children = (
				BB82186B1C919CA20037EA8B /* Base */,
			);
			name = Main.storyboard;
			sourceTree = "<group>";
		};
		BB82186F1C919CA20037EA8B /* LaunchScreen.storyboard */ = {
			isa = PBXVariantGroup;
			children = (
				BB8218701C919CA20037EA8B /* Base */,
			);
			name = LaunchScreen.storyboard;
			sourceTree = "<group>";
		};
/* End PBXVariantGroup section */

/* Begin XCBuildConfiguration section */
		BB8218891C919CA20037EA8B /* Debug */ = {
			isa = XCBuildConfiguration;
			buildSettings = {
				ALWAYS_SEARCH_USER_PATHS = NO;
				CLANG_CXX_LANGUAGE_STANDARD = "gnu++0x";
				CLANG_CXX_LIBRARY = "libc++";
				CLANG_ENABLE_MODULES = YES;
				CLANG_ENABLE_OBJC_ARC = YES;
				CLANG_WARN_BOOL_CONVERSION = YES;
				CLANG_WARN_CONSTANT_CONVERSION = YES;
				CLANG_WARN_DIRECT_OBJC_ISA_USAGE = YES_ERROR;
				CLANG_WARN_EMPTY_BODY = YES;
				CLANG_WARN_ENUM_CONVERSION = YES;
				CLANG_WARN_INT_CONVERSION = YES;
				CLANG_WARN_OBJC_ROOT_CLASS = YES_ERROR;
				CLANG_WARN_UNREACHABLE_CODE = YES;
				CLANG_WARN__DUPLICATE_METHOD_MATCH = YES;
				"CODE_SIGN_IDENTITY[sdk=iphoneos*]" = "iPhone Developer";
				COPY_PHASE_STRIP = NO;
				DEBUG_INFORMATION_FORMAT = dwarf;
				ENABLE_STRICT_OBJC_MSGSEND = YES;
				ENABLE_TESTABILITY = YES;
				GCC_C_LANGUAGE_STANDARD = gnu99;
				GCC_DYNAMIC_NO_PIC = NO;
				GCC_NO_COMMON_BLOCKS = YES;
				GCC_OPTIMIZATION_LEVEL = 0;
				GCC_PREPROCESSOR_DEFINITIONS = (
					"DEBUG=1",
					"$(inherited)",
				);
				GCC_WARN_64_TO_32_BIT_CONVERSION = YES;
				GCC_WARN_ABOUT_RETURN_TYPE = YES_ERROR;
				GCC_WARN_UNDECLARED_SELECTOR = YES;
				GCC_WARN_UNINITIALIZED_AUTOS = YES_AGGRESSIVE;
				GCC_WARN_UNUSED_FUNCTION = YES;
				GCC_WARN_UNUSED_VARIABLE = YES;
				IPHONEOS_DEPLOYMENT_TARGET = 9.2;
				MTL_ENABLE_DEBUG_INFO = YES;
				ONLY_ACTIVE_ARCH = YES;
				SDKROOT = iphoneos;
				SWIFT_OPTIMIZATION_LEVEL = "-Onone";
			};
			name = Debug;
		};
		BB82188A1C919CA20037EA8B /* Release */ = {
			isa = XCBuildConfiguration;
			buildSettings = {
				ALWAYS_SEARCH_USER_PATHS = NO;
				CLANG_CXX_LANGUAGE_STANDARD = "gnu++0x";
				CLANG_CXX_LIBRARY = "libc++";
				CLANG_ENABLE_MODULES = YES;
				CLANG_ENABLE_OBJC_ARC = YES;
				CLANG_WARN_BOOL_CONVERSION = YES;
				CLANG_WARN_CONSTANT_CONVERSION = YES;
				CLANG_WARN_DIRECT_OBJC_ISA_USAGE = YES_ERROR;
				CLANG_WARN_EMPTY_BODY = YES;
				CLANG_WARN_ENUM_CONVERSION = YES;
				CLANG_WARN_INT_CONVERSION = YES;
				CLANG_WARN_OBJC_ROOT_CLASS = YES_ERROR;
				CLANG_WARN_UNREACHABLE_CODE = YES;
				CLANG_WARN__DUPLICATE_METHOD_MATCH = YES;
				"CODE_SIGN_IDENTITY[sdk=iphoneos*]" = "iPhone Developer";
				COPY_PHASE_STRIP = NO;
				DEBUG_INFORMATION_FORMAT = "dwarf-with-dsym";
				ENABLE_NS_ASSERTIONS = NO;
				ENABLE_STRICT_OBJC_MSGSEND = YES;
				GCC_C_LANGUAGE_STANDARD = gnu99;
				GCC_NO_COMMON_BLOCKS = YES;
				GCC_WARN_64_TO_32_BIT_CONVERSION = YES;
				GCC_WARN_ABOUT_RETURN_TYPE = YES_ERROR;
				GCC_WARN_UNDECLARED_SELECTOR = YES;
				GCC_WARN_UNINITIALIZED_AUTOS = YES_AGGRESSIVE;
				GCC_WARN_UNUSED_FUNCTION = YES;
				GCC_WARN_UNUSED_VARIABLE = YES;
				IPHONEOS_DEPLOYMENT_TARGET = 9.2;
				MTL_ENABLE_DEBUG_INFO = NO;
				SDKROOT = iphoneos;
				VALIDATE_PRODUCT = YES;
			};
			name = Release;
		};
		BB82188C1C919CA20037EA8B /* Debug */ = {
			isa = XCBuildConfiguration;
			buildSettings = {
				ASSETCATALOG_COMPILER_APPICON_NAME = AppIcon;
				INFOPLIST_FILE = "Hello World/Info.plist";
				LD_RUNPATH_SEARCH_PATHS = "$(inherited) @executable_path/Frameworks";
				PRODUCT_BUNDLE_IDENTIFIER = "HelloWorld.Hello-World";
				PRODUCT_NAME = "$(TARGET_NAME)";
			};
			name = Debug;
		};
		BB82188D1C919CA20037EA8B /* Release */ = {
			isa = XCBuildConfiguration;
			buildSettings = {
				ASSETCATALOG_COMPILER_APPICON_NAME = AppIcon;
				INFOPLIST_FILE = "Hello World/Info.plist";
				LD_RUNPATH_SEARCH_PATHS = "$(inherited) @executable_path/Frameworks";
				PRODUCT_BUNDLE_IDENTIFIER = "HelloWorld.Hello-World";
				PRODUCT_NAME = "$(TARGET_NAME)";
			};
			name = Release;
		};
		BB82188F1C919CA20037EA8B /* Debug */ = {
			isa = XCBuildConfiguration;
			buildSettings = {
				BUNDLE_LOADER = "$(TEST_HOST)";
				INFOPLIST_FILE = "Hello WorldTests/Info.plist";
				LD_RUNPATH_SEARCH_PATHS = "$(inherited) @executable_path/Frameworks @loader_path/Frameworks";
				PRODUCT_BUNDLE_IDENTIFIER = "HelloWorld.Hello-WorldTests";
				PRODUCT_NAME = "$(TARGET_NAME)";
				TEST_HOST = "$(BUILT_PRODUCTS_DIR)/Hello World.app/Hello World";
			};
			name = Debug;
		};
		BB8218901C919CA20037EA8B /* Release */ = {
			isa = XCBuildConfiguration;
			buildSettings = {
				BUNDLE_LOADER = "$(TEST_HOST)";
				INFOPLIST_FILE = "Hello WorldTests/Info.plist";
				LD_RUNPATH_SEARCH_PATHS = "$(inherited) @executable_path/Frameworks @loader_path/Frameworks";
				PRODUCT_BUNDLE_IDENTIFIER = "HelloWorld.Hello-WorldTests";
				PRODUCT_NAME = "$(TARGET_NAME)";
				TEST_HOST = "$(BUILT_PRODUCTS_DIR)/Hello World.app/Hello World";
			};
			name = Release;
		};
		BB8218921C919CA20037EA8B /* Debug */ = {
			isa = XCBuildConfiguration;
			buildSettings = {
				INFOPLIST_FILE = "Hello WorldUITests/Info.plist";
				LD_RUNPATH_SEARCH_PATHS = "$(inherited) @executable_path/Frameworks @loader_path/Frameworks";
				PRODUCT_BUNDLE_IDENTIFIER = "HelloWorld.Hello-WorldUITests";
				PRODUCT_NAME = "$(TARGET_NAME)";
				TEST_TARGET_NAME = "Hello World";
				USES_XCTRUNNER = YES;
			};
			name = Debug;
		};
		BB8218931C919CA20037EA8B /* Release */ = {
			isa = XCBuildConfiguration;
			buildSettings = {
				INFOPLIST_FILE = "Hello WorldUITests/Info.plist";
				LD_RUNPATH_SEARCH_PATHS = "$(inherited) @executable_path/Frameworks @loader_path/Frameworks";
				PRODUCT_BUNDLE_IDENTIFIER = "HelloWorld.Hello-WorldUITests";
				PRODUCT_NAME = "$(TARGET_NAME)";
				TEST_TARGET_NAME = "Hello World";
				USES_XCTRUNNER = YES;
			};
			name = Release;
		};
/* End XCBuildConfiguration section */

/* Begin XCConfigurationList section */
		BB82185E1C919CA10037EA8B /* Build configuration list for PBXProject "Hello World" */ = {
			isa = XCConfigurationList;
			buildConfigurations = (
				BB8218891C919CA20037EA8B /* Debug */,
				BB82188A1C919CA20037EA8B /* Release */,
			);
			defaultConfigurationIsVisible = 0;
			defaultConfigurationName = Release;
		};
		BB82188B1C919CA20037EA8B /* Build configuration list for PBXNativeTarget "Hello World" */ = {
			isa = XCConfigurationList;
			buildConfigurations = (
				BB82188C1C919CA20037EA8B /* Debug */,
				BB82188D1C919CA20037EA8B /* Release */,
			);
			defaultConfigurationIsVisible = 0;
		};
		BB82188E1C919CA20037EA8B /* Build configuration list for PBXNativeTarget "Hello WorldTests" */ = {
			isa = XCConfigurationList;
			buildConfigurations = (
				BB82188F1C919CA20037EA8B /* Debug */,
				BB8218901C919CA20037EA8B /* Release */,
			);
			defaultConfigurationIsVisible = 0;
		};
		BB8218911C919CA20037EA8B /* Build configuration list for PBXNativeTarget "Hello WorldUITests" */ = {
			isa = XCConfigurationList;
			buildConfigurations = (
				BB8218921C919CA20037EA8B /* Debug */,
				BB8218931C919CA20037EA8B /* Release */,
			);
			defaultConfigurationIsVisible = 0;
		};
/* End XCConfigurationList section */
	};
	rootObject = BB82185B1C919CA10037EA8B /* Project object */;
}
